// !$*UTF8*$!
{
	archiveVersion = 1;
	classes = {
	};
	objectVersion = 46;
	objects = {

/* Begin PBXBuildFile section */
		3437BCF01F62C65A0037E901 /* AppDelegate.swift in Sources */ = {isa = PBXBuildFile; fileRef = 3437BCEF1F62C65A0037E901 /* AppDelegate.swift */; };
		3437BCF21F62C65A0037E901 /* ViewController.swift in Sources */ = {isa = PBXBuildFile; fileRef = 3437BCF11F62C65A0037E901 /* ViewController.swift */; };
		3437BCF51F62C65A0037E901 /* Main.storyboard in Resources */ = {isa = PBXBuildFile; fileRef = 3437BCF31F62C65A0037E901 /* Main.storyboard */; };
		3437BCF71F62C65A0037E901 /* Assets.xcassets in Resources */ = {isa = PBXBuildFile; fileRef = 3437BCF61F62C65A0037E901 /* Assets.xcassets */; };
		3437BCFA1F62C65A0037E901 /* LaunchScreen.storyboard in Resources */ = {isa = PBXBuildFile; fileRef = 3437BCF81F62C65A0037E901 /* LaunchScreen.storyboard */; };
		3437BD051F62C65A0037E901 /* PVH_Exercise_1Tests.swift in Sources */ = {isa = PBXBuildFile; fileRef = 3437BD041F62C65A0037E901 /* PVH_Exercise_1Tests.swift */; };
		3437BD101F62C65A0037E901 /* PVH_Exercise_1UITests.swift in Sources */ = {isa = PBXBuildFile; fileRef = 3437BD0F1F62C65A0037E901 /* PVH_Exercise_1UITests.swift */; };
/* End PBXBuildFile section */

/* Begin PBXContainerItemProxy section */
		3437BD011F62C65A0037E901 /* PBXContainerItemProxy */ = {
			isa = PBXContainerItemProxy;
			containerPortal = 3437BCE41F62C65A0037E901 /* Project object */;
			proxyType = 1;
			remoteGlobalIDString = 3437BCEB1F62C65A0037E901;
			remoteInfo = "PVH Exercise 1";
		};
		3437BD0C1F62C65A0037E901 /* PBXContainerItemProxy */ = {
			isa = PBXContainerItemProxy;
			containerPortal = 3437BCE41F62C65A0037E901 /* Project object */;
			proxyType = 1;
			remoteGlobalIDString = 3437BCEB1F62C65A0037E901;
			remoteInfo = "PVH Exercise 1";
		};
/* End PBXContainerItemProxy section */

/* Begin PBXFileReference section */
		3437BCEC1F62C65A0037E901 /* PVH Exercise 1.app */ = {isa = PBXFileReference; explicitFileType = wrapper.application; includeInIndex = 0; path = "PVH Exercise 1.app"; sourceTree = BUILT_PRODUCTS_DIR; };
		3437BCEF1F62C65A0037E901 /* AppDelegate.swift */ = {isa = PBXFileReference; lastKnownFileType = sourcecode.swift; path = AppDelegate.swift; sourceTree = "<group>"; };
		3437BCF11F62C65A0037E901 /* ViewController.swift */ = {isa = PBXFileReference; lastKnownFileType = sourcecode.swift; path = ViewController.swift; sourceTree = "<group>"; };
		3437BCF41F62C65A0037E901 /* Base */ = {isa = PBXFileReference; lastKnownFileType = file.storyboard; name = Base; path = Base.lproj/Main.storyboard; sourceTree = "<group>"; };
		3437BCF61F62C65A0037E901 /* Assets.xcassets */ = {isa = PBXFileReference; lastKnownFileType = folder.assetcatalog; path = Assets.xcassets; sourceTree = "<group>"; };
		3437BCF91F62C65A0037E901 /* Base */ = {isa = PBXFileReference; lastKnownFileType = file.storyboard; name = Base; path = Base.lproj/LaunchScreen.storyboard; sourceTree = "<group>"; };
		3437BCFB1F62C65A0037E901 /* Info.plist */ = {isa = PBXFileReference; lastKnownFileType = text.plist.xml; path = Info.plist; sourceTree = "<group>"; };
		3437BD001F62C65A0037E901 /* PVH Exercise 1Tests.xctest */ = {isa = PBXFileReference; explicitFileType = wrapper.cfbundle; includeInIndex = 0; path = "PVH Exercise 1Tests.xctest"; sourceTree = BUILT_PRODUCTS_DIR; };
		3437BD041F62C65A0037E901 /* PVH_Exercise_1Tests.swift */ = {isa = PBXFileReference; lastKnownFileType = sourcecode.swift; path = PVH_Exercise_1Tests.swift; sourceTree = "<group>"; };
		3437BD061F62C65A0037E901 /* Info.plist */ = {isa = PBXFileReference; lastKnownFileType = text.plist.xml; path = Info.plist; sourceTree = "<group>"; };
		3437BD0B1F62C65A0037E901 /* PVH Exercise 1UITests.xctest */ = {isa = PBXFileReference; explicitFileType = wrapper.cfbundle; includeInIndex = 0; path = "PVH Exercise 1UITests.xctest"; sourceTree = BUILT_PRODUCTS_DIR; };
		3437BD0F1F62C65A0037E901 /* PVH_Exercise_1UITests.swift */ = {isa = PBXFileReference; lastKnownFileType = sourcecode.swift; path = PVH_Exercise_1UITests.swift; sourceTree = "<group>"; };
		3437BD111F62C65A0037E901 /* Info.plist */ = {isa = PBXFileReference; lastKnownFileType = text.plist.xml; path = Info.plist; sourceTree = "<group>"; };
/* End PBXFileReference section */

/* Begin PBXFrameworksBuildPhase section */
		3437BCE91F62C65A0037E901 /* Frameworks */ = {
			isa = PBXFrameworksBuildPhase;
			buildActionMask = 2147483647;
			files = (
			);
			runOnlyForDeploymentPostprocessing = 0;
		};
		3437BCFD1F62C65A0037E901 /* Frameworks */ = {
			isa = PBXFrameworksBuildPhase;
			buildActionMask = 2147483647;
			files = (
			);
			runOnlyForDeploymentPostprocessing = 0;
		};
		3437BD081F62C65A0037E901 /* Frameworks */ = {
			isa = PBXFrameworksBuildPhase;
			buildActionMask = 2147483647;
			files = (
			);
			runOnlyForDeploymentPostprocessing = 0;
		};
/* End PBXFrameworksBuildPhase section */

/* Begin PBXGroup section */
		3437BCE31F62C65A0037E901 = {
			isa = PBXGroup;
			children = (
				3437BCEE1F62C65A0037E901 /* PVH Exercise 1 */,
				3437BD031F62C65A0037E901 /* PVH Exercise 1Tests */,
				3437BD0E1F62C65A0037E901 /* PVH Exercise 1UITests */,
				3437BCED1F62C65A0037E901 /* Products */,
			);
			sourceTree = "<group>";
		};
		3437BCED1F62C65A0037E901 /* Products */ = {
			isa = PBXGroup;
			children = (
				3437BCEC1F62C65A0037E901 /* PVH Exercise 1.app */,
				3437BD001F62C65A0037E901 /* PVH Exercise 1Tests.xctest */,
				3437BD0B1F62C65A0037E901 /* PVH Exercise 1UITests.xctest */,
			);
			name = Products;
			sourceTree = "<group>";
		};
		3437BCEE1F62C65A0037E901 /* PVH Exercise 1 */ = {
			isa = PBXGroup;
			children = (
				3437BCEF1F62C65A0037E901 /* AppDelegate.swift */,
				3437BCF11F62C65A0037E901 /* ViewController.swift */,
				3437BCF31F62C65A0037E901 /* Main.storyboard */,
				3437BCF61F62C65A0037E901 /* Assets.xcassets */,
				3437BCF81F62C65A0037E901 /* LaunchScreen.storyboard */,
				3437BCFB1F62C65A0037E901 /* Info.plist */,
			);
			path = "PVH Exercise 1";
			sourceTree = "<group>";
		};
		3437BD031F62C65A0037E901 /* PVH Exercise 1Tests */ = {
			isa = PBXGroup;
			children = (
				3437BD041F62C65A0037E901 /* PVH_Exercise_1Tests.swift */,
				3437BD061F62C65A0037E901 /* Info.plist */,
			);
			path = "PVH Exercise 1Tests";
			sourceTree = "<group>";
		};
		3437BD0E1F62C65A0037E901 /* PVH Exercise 1UITests */ = {
			isa = PBXGroup;
			children = (
				3437BD0F1F62C65A0037E901 /* PVH_Exercise_1UITests.swift */,
				3437BD111F62C65A0037E901 /* Info.plist */,
			);
			path = "PVH Exercise 1UITests";
			sourceTree = "<group>";
		};
/* End PBXGroup section */

/* Begin PBXNativeTarget section */
		3437BCEB1F62C65A0037E901 /* PVH Exercise 1 */ = {
			isa = PBXNativeTarget;
			buildConfigurationList = 3437BD141F62C65A0037E901 /* Build configuration list for PBXNativeTarget "PVH Exercise 1" */;
			buildPhases = (
				3437BCE81F62C65A0037E901 /* Sources */,
				3437BCE91F62C65A0037E901 /* Frameworks */,
				3437BCEA1F62C65A0037E901 /* Resources */,
			);
			buildRules = (
			);
			dependencies = (
			);
			name = "PVH Exercise 1";
			productName = "PVH Exercise 1";
			productReference = 3437BCEC1F62C65A0037E901 /* PVH Exercise 1.app */;
			productType = "com.apple.product-type.application";
		};
		3437BCFF1F62C65A0037E901 /* PVH Exercise 1Tests */ = {
			isa = PBXNativeTarget;
			buildConfigurationList = 3437BD171F62C65A0037E901 /* Build configuration list for PBXNativeTarget "PVH Exercise 1Tests" */;
			buildPhases = (
				3437BCFC1F62C65A0037E901 /* Sources */,
				3437BCFD1F62C65A0037E901 /* Frameworks */,
				3437BCFE1F62C65A0037E901 /* Resources */,
			);
			buildRules = (
			);
			dependencies = (
				3437BD021F62C65A0037E901 /* PBXTargetDependency */,
			);
			name = "PVH Exercise 1Tests";
			productName = "PVH Exercise 1Tests";
			productReference = 3437BD001F62C65A0037E901 /* PVH Exercise 1Tests.xctest */;
			productType = "com.apple.product-type.bundle.unit-test";
		};
		3437BD0A1F62C65A0037E901 /* PVH Exercise 1UITests */ = {
			isa = PBXNativeTarget;
			buildConfigurationList = 3437BD1A1F62C65A0037E901 /* Build configuration list for PBXNativeTarget "PVH Exercise 1UITests" */;
			buildPhases = (
				3437BD071F62C65A0037E901 /* Sources */,
				3437BD081F62C65A0037E901 /* Frameworks */,
				3437BD091F62C65A0037E901 /* Resources */,
			);
			buildRules = (
			);
			dependencies = (
				3437BD0D1F62C65A0037E901 /* PBXTargetDependency */,
			);
			name = "PVH Exercise 1UITests";
			productName = "PVH Exercise 1UITests";
			productReference = 3437BD0B1F62C65A0037E901 /* PVH Exercise 1UITests.xctest */;
			productType = "com.apple.product-type.bundle.ui-testing";
		};
/* End PBXNativeTarget section */

/* Begin PBXProject section */
		3437BCE41F62C65A0037E901 /* Project object */ = {
			isa = PBXProject;
			attributes = {
				LastSwiftUpdateCheck = 0830;
				LastUpgradeCheck = 0830;
				ORGANIZATIONNAME = PVH;
				TargetAttributes = {
					3437BCEB1F62C65A0037E901 = {
						CreatedOnToolsVersion = 8.3.3;
						DevelopmentTeam = 5M623NBCWG;
						ProvisioningStyle = Automatic;
					};
					3437BCFF1F62C65A0037E901 = {
						CreatedOnToolsVersion = 8.3.3;
						DevelopmentTeam = 5M623NBCWG;
						ProvisioningStyle = Automatic;
						TestTargetID = 3437BCEB1F62C65A0037E901;
					};
					3437BD0A1F62C65A0037E901 = {
						CreatedOnToolsVersion = 8.3.3;
						DevelopmentTeam = 5M623NBCWG;
						ProvisioningStyle = Automatic;
						TestTargetID = 3437BCEB1F62C65A0037E901;
					};
				};
			};
			buildConfigurationList = 3437BCE71F62C65A0037E901 /* Build configuration list for PBXProject "PVH Exercise 1" */;
			compatibilityVersion = "Xcode 3.2";
			developmentRegion = English;
			hasScannedForEncodings = 0;
			knownRegions = (
				en,
				Base,
			);
			mainGroup = 3437BCE31F62C65A0037E901;
			productRefGroup = 3437BCED1F62C65A0037E901 /* Products */;
			projectDirPath = "";
			projectRoot = "";
			targets = (
				3437BCEB1F62C65A0037E901 /* PVH Exercise 1 */,
				3437BCFF1F62C65A0037E901 /* PVH Exercise 1Tests */,
				3437BD0A1F62C65A0037E901 /* PVH Exercise 1UITests */,
			);
		};
/* End PBXProject section */

/* Begin PBXResourcesBuildPhase section */
		3437BCEA1F62C65A0037E901 /* Resources */ = {
			isa = PBXResourcesBuildPhase;
			buildActionMask = 2147483647;
			files = (
				3437BCFA1F62C65A0037E901 /* LaunchScreen.storyboard in Resources */,
				3437BCF71F62C65A0037E901 /* Assets.xcassets in Resources */,
				3437BCF51F62C65A0037E901 /* Main.storyboard in Resources */,
			);
			runOnlyForDeploymentPostprocessing = 0;
		};
		3437BCFE1F62C65A0037E901 /* Resources */ = {
			isa = PBXResourcesBuildPhase;
			buildActionMask = 2147483647;
			files = (
			);
			runOnlyForDeploymentPostprocessing = 0;
		};
		3437BD091F62C65A0037E901 /* Resources */ = {
			isa = PBXResourcesBuildPhase;
			buildActionMask = 2147483647;
			files = (
			);
			runOnlyForDeploymentPostprocessing = 0;
		};
/* End PBXResourcesBuildPhase section */

/* Begin PBXSourcesBuildPhase section */
		3437BCE81F62C65A0037E901 /* Sources */ = {
			isa = PBXSourcesBuildPhase;
			buildActionMask = 2147483647;
			files = (
				3437BCF21F62C65A0037E901 /* ViewController.swift in Sources */,
				3437BCF01F62C65A0037E901 /* AppDelegate.swift in Sources */,
			);
			runOnlyForDeploymentPostprocessing = 0;
		};
		3437BCFC1F62C65A0037E901 /* Sources */ = {
			isa = PBXSourcesBuildPhase;
			buildActionMask = 2147483647;
			files = (
				3437BD051F62C65A0037E901 /* PVH_Exercise_1Tests.swift in Sources */,
			);
			runOnlyForDeploymentPostprocessing = 0;
		};
		3437BD071F62C65A0037E901 /* Sources */ = {
			isa = PBXSourcesBuildPhase;
			buildActionMask = 2147483647;
			files = (
				3437BD101F62C65A0037E901 /* PVH_Exercise_1UITests.swift in Sources */,
			);
			runOnlyForDeploymentPostprocessing = 0;
		};
/* End PBXSourcesBuildPhase section */

/* Begin PBXTargetDependency section */
		3437BD021F62C65A0037E901 /* PBXTargetDependency */ = {
			isa = PBXTargetDependency;
			target = 3437BCEB1F62C65A0037E901 /* PVH Exercise 1 */;
			targetProxy = 3437BD011F62C65A0037E901 /* PBXContainerItemProxy */;
		};
		3437BD0D1F62C65A0037E901 /* PBXTargetDependency */ = {
			isa = PBXTargetDependency;
			target = 3437BCEB1F62C65A0037E901 /* PVH Exercise 1 */;
			targetProxy = 3437BD0C1F62C65A0037E901 /* PBXContainerItemProxy */;
		};
/* End PBXTargetDependency section */

/* Begin PBXVariantGroup section */
		3437BCF31F62C65A0037E901 /* Main.storyboard */ = {
			isa = PBXVariantGroup;
			children = (
				3437BCF41F62C65A0037E901 /* Base */,
			);
			name = Main.storyboard;
			sourceTree = "<group>";
		};
		3437BCF81F62C65A0037E901 /* LaunchScreen.storyboard */ = {
			isa = PBXVariantGroup;
			children = (
				3437BCF91F62C65A0037E901 /* Base */,
			);
			name = LaunchScreen.storyboard;
			sourceTree = "<group>";
		};
/* End PBXVariantGroup section */

/* Begin XCBuildConfiguration section */
		3437BD121F62C65A0037E901 /* Debug */ = {
			isa = XCBuildConfiguration;
			buildSettings = {
				ALWAYS_SEARCH_USER_PATHS = NO;
				CLANG_ANALYZER_NONNULL = YES;
				CLANG_ANALYZER_NUMBER_OBJECT_CONVERSION = YES_AGGRESSIVE;
				CLANG_CXX_LANGUAGE_STANDARD = "gnu++0x";
				CLANG_CXX_LIBRARY = "libc++";
				CLANG_ENABLE_MODULES = YES;
				CLANG_ENABLE_OBJC_ARC = YES;
				CLANG_WARN_BOOL_CONVERSION = YES;
				CLANG_WARN_CONSTANT_CONVERSION = YES;
				CLANG_WARN_DIRECT_OBJC_ISA_USAGE = YES_ERROR;
				CLANG_WARN_DOCUMENTATION_COMMENTS = YES;
				CLANG_WARN_EMPTY_BODY = YES;
				CLANG_WARN_ENUM_CONVERSION = YES;
				CLANG_WARN_INFINITE_RECURSION = YES;
				CLANG_WARN_INT_CONVERSION = YES;
				CLANG_WARN_OBJC_ROOT_CLASS = YES_ERROR;
				CLANG_WARN_SUSPICIOUS_MOVE = YES;
				CLANG_WARN_UNREACHABLE_CODE = YES;
				CLANG_WARN__DUPLICATE_METHOD_MATCH = YES;
				"CODE_SIGN_IDENTITY[sdk=iphoneos*]" = "iPhone Developer";
				COPY_PHASE_STRIP = NO;
				DEBUG_INFORMATION_FORMAT = dwarf;
				ENABLE_STRICT_OBJC_MSGSEND = YES;
				ENABLE_TESTABILITY = YES;
				GCC_C_LANGUAGE_STANDARD = gnu99;
				GCC_DYNAMIC_NO_PIC = NO;
				GCC_NO_COMMON_BLOCKS = YES;
				GCC_OPTIMIZATION_LEVEL = 0;
				GCC_PREPROCESSOR_DEFINITIONS = (
					"DEBUG=1",
					"$(inherited)",
				);
				GCC_WARN_64_TO_32_BIT_CONVERSION = YES;
				GCC_WARN_ABOUT_RETURN_TYPE = YES_ERROR;
				GCC_WARN_UNDECLARED_SELECTOR = YES;
				GCC_WARN_UNINITIALIZED_AUTOS = YES_AGGRESSIVE;
				GCC_WARN_UNUSED_FUNCTION = YES;
				GCC_WARN_UNUSED_VARIABLE = YES;
				IPHONEOS_DEPLOYMENT_TARGET = 10.3;
				MTL_ENABLE_DEBUG_INFO = YES;
				ONLY_ACTIVE_ARCH = YES;
				SDKROOT = iphoneos;
				SWIFT_ACTIVE_COMPILATION_CONDITIONS = DEBUG;
				SWIFT_OPTIMIZATION_LEVEL = "-Onone";
			};
			name = Debug;
		};
		3437BD131F62C65A0037E901 /* Release */ = {
			isa = XCBuildConfiguration;
			buildSettings = {
				ALWAYS_SEARCH_USER_PATHS = NO;
				CLANG_ANALYZER_NONNULL = YES;
				CLANG_ANALYZER_NUMBER_OBJECT_CONVERSION = YES_AGGRESSIVE;
				CLANG_CXX_LANGUAGE_STANDARD = "gnu++0x";
				CLANG_CXX_LIBRARY = "libc++";
				CLANG_ENABLE_MODULES = YES;
				CLANG_ENABLE_OBJC_ARC = YES;
				CLANG_WARN_BOOL_CONVERSION = YES;
				CLANG_WARN_CONSTANT_CONVERSION = YES;
				CLANG_WARN_DIRECT_OBJC_ISA_USAGE = YES_ERROR;
				CLANG_WARN_DOCUMENTATION_COMMENTS = YES;
				CLANG_WARN_EMPTY_BODY = YES;
				CLANG_WARN_ENUM_CONVERSION = YES;
				CLANG_WARN_INFINITE_RECURSION = YES;
				CLANG_WARN_INT_CONVERSION = YES;
				CLANG_WARN_OBJC_ROOT_CLASS = YES_ERROR;
				CLANG_WARN_SUSPICIOUS_MOVE = YES;
				CLANG_WARN_UNREACHABLE_CODE = YES;
				CLANG_WARN__DUPLICATE_METHOD_MATCH = YES;
				"CODE_SIGN_IDENTITY[sdk=iphoneos*]" = "iPhone Developer";
				COPY_PHASE_STRIP = NO;
				DEBUG_INFORMATION_FORMAT = "dwarf-with-dsym";
				ENABLE_NS_ASSERTIONS = NO;
				ENABLE_STRICT_OBJC_MSGSEND = YES;
				GCC_C_LANGUAGE_STANDARD = gnu99;
				GCC_NO_COMMON_BLOCKS = YES;
				GCC_WARN_64_TO_32_BIT_CONVERSION = YES;
				GCC_WARN_ABOUT_RETURN_TYPE = YES_ERROR;
				GCC_WARN_UNDECLARED_SELECTOR = YES;
				GCC_WARN_UNINITIALIZED_AUTOS = YES_AGGRESSIVE;
				GCC_WARN_UNUSED_FUNCTION = YES;
				GCC_WARN_UNUSED_VARIABLE = YES;
				IPHONEOS_DEPLOYMENT_TARGET = 10.3;
				MTL_ENABLE_DEBUG_INFO = NO;
				SDKROOT = iphoneos;
				SWIFT_OPTIMIZATION_LEVEL = "-Owholemodule";
				VALIDATE_PRODUCT = YES;
			};
			name = Release;
		};
		3437BD151F62C65A0037E901 /* Debug */ = {
			isa = XCBuildConfiguration;
			buildSettings = {
				ASSETCATALOG_COMPILER_APPICON_NAME = AppIcon;
				DEVELOPMENT_TEAM = 5M623NBCWG;
				INFOPLIST_FILE = "PVH Exercise 1/Info.plist";
				LD_RUNPATH_SEARCH_PATHS = "$(inherited) @executable_path/Frameworks";
				PRODUCT_BUNDLE_IDENTIFIER = "com.pvh.PVH-Exercise-1";
				PRODUCT_NAME = "$(TARGET_NAME)";
				SWIFT_VERSION = 3.0;
			};
			name = Debug;
		};
		3437BD161F62C65A0037E901 /* Release */ = {
			isa = XCBuildConfiguration;
			buildSettings = {
				ASSETCATALOG_COMPILER_APPICON_NAME = AppIcon;
				DEVELOPMENT_TEAM = 5M623NBCWG;
				INFOPLIST_FILE = "PVH Exercise 1/Info.plist";
				LD_RUNPATH_SEARCH_PATHS = "$(inherited) @executable_path/Frameworks";
				PRODUCT_BUNDLE_IDENTIFIER = "com.pvh.PVH-Exercise-1";
				PRODUCT_NAME = "$(TARGET_NAME)";
				SWIFT_VERSION = 3.0;
			};
			name = Release;
		};
		3437BD181F62C65A0037E901 /* Debug */ = {
			isa = XCBuildConfiguration;
			buildSettings = {
				ALWAYS_EMBED_SWIFT_STANDARD_LIBRARIES = YES;
				BUNDLE_LOADER = "$(TEST_HOST)";
				DEVELOPMENT_TEAM = 5M623NBCWG;
				INFOPLIST_FILE = "PVH Exercise 1Tests/Info.plist";
				LD_RUNPATH_SEARCH_PATHS = "$(inherited) @executable_path/Frameworks @loader_path/Frameworks";
				PRODUCT_BUNDLE_IDENTIFIER = "com.pvh.PVH-Exercise-1Tests";
				PRODUCT_NAME = "$(TARGET_NAME)";
				SWIFT_VERSION = 3.0;
				TEST_HOST = "$(BUILT_PRODUCTS_DIR)/PVH Exercise 1.app/PVH Exercise 1";
			};
			name = Debug;
		};
		3437BD191F62C65A0037E901 /* Release */ = {
			isa = XCBuildConfiguration;
			buildSettings = {
				ALWAYS_EMBED_SWIFT_STANDARD_LIBRARIES = YES;
				BUNDLE_LOADER = "$(TEST_HOST)";
				DEVELOPMENT_TEAM = 5M623NBCWG;
				INFOPLIST_FILE = "PVH Exercise 1Tests/Info.plist";
				LD_RUNPATH_SEARCH_PATHS = "$(inherited) @executable_path/Frameworks @loader_path/Frameworks";
				PRODUCT_BUNDLE_IDENTIFIER = "com.pvh.PVH-Exercise-1Tests";
				PRODUCT_NAME = "$(TARGET_NAME)";
				SWIFT_VERSION = 3.0;
				TEST_HOST = "$(BUILT_PRODUCTS_DIR)/PVH Exercise 1.app/PVH Exercise 1";
			};
			name = Release;
		};
		3437BD1B1F62C65A0037E901 /* Debug */ = {
			isa = XCBuildConfiguration;
			buildSettings = {
				ALWAYS_EMBED_SWIFT_STANDARD_LIBRARIES = YES;
				DEVELOPMENT_TEAM = 5M623NBCWG;
				INFOPLIST_FILE = "PVH Exercise 1UITests/Info.plist";
				LD_RUNPATH_SEARCH_PATHS = "$(inherited) @executable_path/Frameworks @loader_path/Frameworks";
				PRODUCT_BUNDLE_IDENTIFIER = "com.pvh.PVH-Exercise-1UITests";
				PRODUCT_NAME = "$(TARGET_NAME)";
				SWIFT_VERSION = 3.0;
				TEST_TARGET_NAME = "PVH Exercise 1";
			};
			name = Debug;
		};
		3437BD1C1F62C65A0037E901 /* Release */ = {
			isa = XCBuildConfiguration;
			buildSettings = {
				ALWAYS_EMBED_SWIFT_STANDARD_LIBRARIES = YES;
				DEVELOPMENT_TEAM = 5M623NBCWG;
				INFOPLIST_FILE = "PVH Exercise 1UITests/Info.plist";
				LD_RUNPATH_SEARCH_PATHS = "$(inherited) @executable_path/Frameworks @loader_path/Frameworks";
				PRODUCT_BUNDLE_IDENTIFIER = "com.pvh.PVH-Exercise-1UITests";
				PRODUCT_NAME = "$(TARGET_NAME)";
				SWIFT_VERSION = 3.0;
				TEST_TARGET_NAME = "PVH Exercise 1";
			};
			name = Release;
		};
/* End XCBuildConfiguration section */

/* Begin XCConfigurationList section */
		3437BCE71F62C65A0037E901 /* Build configuration list for PBXProject "PVH Exercise 1" */ = {
			isa = XCConfigurationList;
			buildConfigurations = (
				3437BD121F62C65A0037E901 /* Debug */,
				3437BD131F62C65A0037E901 /* Release */,
			);
			defaultConfigurationIsVisible = 0;
			defaultConfigurationName = Release;
		};
		3437BD141F62C65A0037E901 /* Build configuration list for PBXNativeTarget "PVH Exercise 1" */ = {
			isa = XCConfigurationList;
			buildConfigurations = (
				3437BD151F62C65A0037E901 /* Debug */,
				3437BD161F62C65A0037E901 /* Release */,
			);
			defaultConfigurationIsVisible = 0;
		};
		3437BD171F62C65A0037E901 /* Build configuration list for PBXNativeTarget "PVH Exercise 1Tests" */ = {
			isa = XCConfigurationList;
			buildConfigurations = (
				3437BD181F62C65A0037E901 /* Debug */,
				3437BD191F62C65A0037E901 /* Release */,
			);
			defaultConfigurationIsVisible = 0;
		};
		3437BD1A1F62C65A0037E901 /* Build configuration list for PBXNativeTarget "PVH Exercise 1UITests" */ = {
			isa = XCConfigurationList;
			buildConfigurations = (
				3437BD1B1F62C65A0037E901 /* Debug */,
				3437BD1C1F62C65A0037E901 /* Release */,
			);
			defaultConfigurationIsVisible = 0;
		};
/* End XCConfigurationList section */
	};
	rootObject = 3437BCE41F62C65A0037E901 /* Project object */;
}
